
Microsoft Visual Studio Solution File, Format Version 12.00
Project("{FAE04EC0-301F-11D3-BF4B-00C04F79EFBC}") = "SqlStoreTest", "SqlStoreTest\SqlStoreTest.csproj", "{FDE0DF5A-EC8C-45AB-A7C9-4E44B546DB41}"
EndProject
Project("{FAE04EC0-301F-11D3-BF4B-00C04F79EFBC}") = "EventSourcing", "EventSourcing\EventSourcing.csproj", "{C7CB5A08-F960-4BE0-91E2-BDA1E8E58FCE}"
EndProject
Project("{FAE04EC0-301F-11D3-BF4B-00C04F79EFBC}") = "EventSourcing.Tests", "EventSourcing.Tests\EventSourcing.Tests.csproj", "{9FAC7EC3-9FA2-470F-AEA8-5D0D905B1AEC}"
EndProject
Global
	GlobalSection(SolutionConfigurationPlatforms) = preSolution
		Debug|Any CPU = Debug|Any CPU
		Release|Any CPU = Release|Any CPU
	EndGlobalSection
	GlobalSection(ProjectConfigurationPlatforms) = postSolution
		{FDE0DF5A-EC8C-45AB-A7C9-4E44B546DB41}.Debug|Any CPU.ActiveCfg = Debug|Any CPU
		{FDE0DF5A-EC8C-45AB-A7C9-4E44B546DB41}.Debug|Any CPU.Build.0 = Debug|Any CPU
		{FDE0DF5A-EC8C-45AB-A7C9-4E44B546DB41}.Release|Any CPU.ActiveCfg = Release|Any CPU
		{FDE0DF5A-EC8C-45AB-A7C9-4E44B546DB41}.Release|Any CPU.Build.0 = Release|Any CPU
		{C7CB5A08-F960-4BE0-91E2-BDA1E8E58FCE}.Debug|Any CPU.ActiveCfg = Debug|Any CPU
		{C7CB5A08-F960-4BE0-91E2-BDA1E8E58FCE}.Debug|Any CPU.Build.0 = Debug|Any CPU
		{C7CB5A08-F960-4BE0-91E2-BDA1E8E58FCE}.Release|Any CPU.ActiveCfg = Release|Any CPU
		{C7CB5A08-F960-4BE0-91E2-BDA1E8E58FCE}.Release|Any CPU.Build.0 = Release|Any CPU
		{9FAC7EC3-9FA2-470F-AEA8-5D0D905B1AEC}.Debug|Any CPU.ActiveCfg = Debug|Any CPU
		{9FAC7EC3-9FA2-470F-AEA8-5D0D905B1AEC}.Debug|Any CPU.Build.0 = Debug|Any CPU
		{9FAC7EC3-9FA2-470F-AEA8-5D0D905B1AEC}.Release|Any CPU.ActiveCfg = Release|Any CPU
		{9FAC7EC3-9FA2-470F-AEA8-5D0D905B1AEC}.Release|Any CPU.Build.0 = Release|Any CPU
	EndGlobalSection
EndGlobal
